
Microsoft Visual Studio Solution File, Format Version 12.00
# Visual Studio Version 16
VisualStudioVersion = 16.0.31005.135
MinimumVisualStudioVersion = 10.0.40219.1
Project("{FAE04EC0-301F-11D3-BF4B-00C04F79EFBC}") = "hello world", "hello world.csproj", "{80223193-21E0-485A-9B3D-BC082FEC44EF}"
EndProject
Global
	GlobalSection(SolutionConfigurationPlatforms) = preSolution
		Debug|Any CPU = Debug|Any CPU
		Release|Any CPU = Release|Any CPU
	EndGlobalSection
	GlobalSection(ProjectConfigurationPlatforms) = postSolution
		{80223193-21E0-485A-9B3D-BC082FEC44EF}.Debug|Any CPU.ActiveCfg = Debug|Any CPU
		{80223193-21E0-485A-9B3D-BC082FEC44EF}.Debug|Any CPU.Build.0 = Debug|Any CPU
		{80223193-21E0-485A-9B3D-BC082FEC44EF}.Release|Any CPU.ActiveCfg = Release|Any CPU
		{80223193-21E0-485A-9B3D-BC082FEC44EF}.Release|Any CPU.Build.0 = Release|Any CPU
	EndGlobalSection
	GlobalSection(SolutionProperties) = preSolution
		HideSolutionNode = FALSE
	EndGlobalSection
	GlobalSection(ExtensibilityGlobals) = postSolution
		SolutionGuid = {A108826A-9EE3-45A7-99CE-81EB9E3F5063}
	EndGlobalSection
EndGlobal
